
Microsoft Visual Studio Solution File, Format Version 12.00
# Visual Studio Version 16
VisualStudioVersion = 16.0.30711.63
MinimumVisualStudioVersion = 10.0.40219.1
Project("{9A19103F-16F7-4668-BE54-9A1E7A4F7556}") = "JenkinsBuildTest", "JenkinsBuildTest\JenkinsBuildTest.csproj", "{2C54EB6C-DCD3-4CF2-B002-B2675E1AB08B}"
EndProject
Project("{FAE04EC0-301F-11D3-BF4B-00C04F79EFBC}") = "JenkinsBuildTest.Tests", "JenkinsBuildTest.Tests\JenkinsBuildTest.Tests.csproj", "{410A66F1-AB36-41FA-B779-92179F6D0761}"
EndProject
Global
	GlobalSection(SolutionConfigurationPlatforms) = preSolution
		Debug|Any CPU = Debug|Any CPU
		Release|Any CPU = Release|Any CPU
	EndGlobalSection
	GlobalSection(ProjectConfigurationPlatforms) = postSolution
		{2C54EB6C-DCD3-4CF2-B002-B2675E1AB08B}.Debug|Any CPU.ActiveCfg = Debug|Any CPU
		{2C54EB6C-DCD3-4CF2-B002-B2675E1AB08B}.Debug|Any CPU.Build.0 = Debug|Any CPU
		{2C54EB6C-DCD3-4CF2-B002-B2675E1AB08B}.Release|Any CPU.ActiveCfg = Release|Any CPU
		{2C54EB6C-DCD3-4CF2-B002-B2675E1AB08B}.Release|Any CPU.Build.0 = Release|Any CPU
		{410A66F1-AB36-41FA-B779-92179F6D0761}.Debug|Any CPU.ActiveCfg = Debug|Any CPU
		{410A66F1-AB36-41FA-B779-92179F6D0761}.Debug|Any CPU.Build.0 = Debug|Any CPU
		{410A66F1-AB36-41FA-B779-92179F6D0761}.Release|Any CPU.ActiveCfg = Release|Any CPU
		{410A66F1-AB36-41FA-B779-92179F6D0761}.Release|Any CPU.Build.0 = Release|Any CPU
	EndGlobalSection
	GlobalSection(SolutionProperties) = preSolution
		HideSolutionNode = FALSE
	EndGlobalSection
	GlobalSection(ExtensibilityGlobals) = postSolution
		SolutionGuid = {70A7F991-F451-4ADD-AE90-7A9D10751E98}
	EndGlobalSection
EndGlobal
